
Microsoft Visual Studio Solution File, Format Version 12.00
# Visual Studio 15
VisualStudioVersion = 15.0.27130.2003
MinimumVisualStudioVersion = 10.0.40219.1
Project("{8BC9CEB8-8B4A-11D0-8D11-00A0C91BC942}") = "Graph", "Graph\Graph.vcxproj", "{540A77AD-9602-4BE7-85B6-24A9192D7D11}"
EndProject
Project("{8BC9CEB8-8B4A-11D0-8D11-00A0C91BC942}") = "LinearLists", "LinearLists\LinearLists.vcxproj", "{0898080B-C467-4BFA-A1BD-3A733636C752}"
EndProject
Project("{8BC9CEB8-8B4A-11D0-8D11-00A0C91BC942}") = "Tree", "Tree\Tree.vcxproj", "{DCCBCFDA-66E0-47D7-9038-AF097DDDCF7D}"
EndProject
Global
	GlobalSection(SolutionConfigurationPlatforms) = preSolution
		Debug|x64 = Debug|x64
		Debug|x86 = Debug|x86
		Release|x64 = Release|x64
		Release|x86 = Release|x86
	EndGlobalSection
	GlobalSection(ProjectConfigurationPlatforms) = postSolution
		{540A77AD-9602-4BE7-85B6-24A9192D7D11}.Debug|x64.ActiveCfg = Debug|x64
		{540A77AD-9602-4BE7-85B6-24A9192D7D11}.Debug|x64.Build.0 = Debug|x64
		{540A77AD-9602-4BE7-85B6-24A9192D7D11}.Debug|x86.ActiveCfg = Debug|Win32
		{540A77AD-9602-4BE7-85B6-24A9192D7D11}.Debug|x86.Build.0 = Debug|Win32
		{540A77AD-9602-4BE7-85B6-24A9192D7D11}.Release|x64.ActiveCfg = Release|x64
		{540A77AD-9602-4BE7-85B6-24A9192D7D11}.Release|x64.Build.0 = Release|x64
		{540A77AD-9602-4BE7-85B6-24A9192D7D11}.Release|x86.ActiveCfg = Release|Win32
		{540A77AD-9602-4BE7-85B6-24A9192D7D11}.Release|x86.Build.0 = Release|Win32
		{0898080B-C467-4BFA-A1BD-3A733636C752}.Debug|x64.ActiveCfg = Debug|x64
		{0898080B-C467-4BFA-A1BD-3A733636C752}.Debug|x64.Build.0 = Debug|x64
		{0898080B-C467-4BFA-A1BD-3A733636C752}.Debug|x86.ActiveCfg = Debug|Win32
		{0898080B-C467-4BFA-A1BD-3A733636C752}.Debug|x86.Build.0 = Debug|Win32
		{0898080B-C467-4BFA-A1BD-3A733636C752}.Release|x64.ActiveCfg = Release|x64
		{0898080B-C467-4BFA-A1BD-3A733636C752}.Release|x64.Build.0 = Release|x64
		{0898080B-C467-4BFA-A1BD-3A733636C752}.Release|x86.ActiveCfg = Release|Win32
		{0898080B-C467-4BFA-A1BD-3A733636C752}.Release|x86.Build.0 = Release|Win32
		{DCCBCFDA-66E0-47D7-9038-AF097DDDCF7D}.Debug|x64.ActiveCfg = Debug|x64
		{DCCBCFDA-66E0-47D7-9038-AF097DDDCF7D}.Debug|x64.Build.0 = Debug|x64
		{DCCBCFDA-66E0-47D7-9038-AF097DDDCF7D}.Debug|x86.ActiveCfg = Debug|Win32
		{DCCBCFDA-66E0-47D7-9038-AF097DDDCF7D}.Debug|x86.Build.0 = Debug|Win32
		{DCCBCFDA-66E0-47D7-9038-AF097DDDCF7D}.Release|x64.ActiveCfg = Release|x64
		{DCCBCFDA-66E0-47D7-9038-AF097DDDCF7D}.Release|x64.Build.0 = Release|x64
		{DCCBCFDA-66E0-47D7-9038-AF097DDDCF7D}.Release|x86.ActiveCfg = Release|Win32
		{DCCBCFDA-66E0-47D7-9038-AF097DDDCF7D}.Release|x86.Build.0 = Release|Win32
	EndGlobalSection
	GlobalSection(SolutionProperties) = preSolution
		HideSolutionNode = FALSE
	EndGlobalSection
	GlobalSection(ExtensibilityGlobals) = postSolution
		SolutionGuid = {DB9934B6-ADE4-48E5-952B-3C4E4A73D872}
	EndGlobalSection
EndGlobal
